
Microsoft Visual Studio Solution File, Format Version 12.00
# Visual Studio Version 16
VisualStudioVersion = 16.0.31702.278
MinimumVisualStudioVersion = 10.0.40219.1
Project("{FAE04EC0-301F-11D3-BF4B-00C04F79EFBC}") = "BBMS", "BBMS\BBMS.csproj", "{74CD767E-3AC9-4689-BB5A-DE231F95BD48}"
EndProject
Project("{FAE04EC0-301F-11D3-BF4B-00C04F79EFBC}") = "BLL", "BLL\BLL.csproj", "{7BD917EE-F710-4C23-91C0-0C5C581D3D5B}"
EndProject
Project("{FAE04EC0-301F-11D3-BF4B-00C04F79EFBC}") = "DAL", "DAL\DAL.csproj", "{64AD1A2B-93CC-41AC-8575-FF8AD2E8A7E6}"
EndProject
Project("{FAE04EC0-301F-11D3-BF4B-00C04F79EFBC}") = "BloodBank.Prototype", "BloodBank.Prototype\BloodBank.Prototype.csproj", "{7A5744D4-E648-4B49-B1DC-AF70AD80FBB0}"
EndProject
Global
	GlobalSection(SolutionConfigurationPlatforms) = preSolution
		Debug|Any CPU = Debug|Any CPU
		Release|Any CPU = Release|Any CPU
	EndGlobalSection
	GlobalSection(ProjectConfigurationPlatforms) = postSolution
		{74CD767E-3AC9-4689-BB5A-DE231F95BD48}.Debug|Any CPU.ActiveCfg = Debug|Any CPU
		{74CD767E-3AC9-4689-BB5A-DE231F95BD48}.Debug|Any CPU.Build.0 = Debug|Any CPU
		{74CD767E-3AC9-4689-BB5A-DE231F95BD48}.Release|Any CPU.ActiveCfg = Release|Any CPU
		{74CD767E-3AC9-4689-BB5A-DE231F95BD48}.Release|Any CPU.Build.0 = Release|Any CPU
		{7BD917EE-F710-4C23-91C0-0C5C581D3D5B}.Debug|Any CPU.ActiveCfg = Debug|Any CPU
		{7BD917EE-F710-4C23-91C0-0C5C581D3D5B}.Debug|Any CPU.Build.0 = Debug|Any CPU
		{7BD917EE-F710-4C23-91C0-0C5C581D3D5B}.Release|Any CPU.ActiveCfg = Release|Any CPU
		{7BD917EE-F710-4C23-91C0-0C5C581D3D5B}.Release|Any CPU.Build.0 = Release|Any CPU
		{64AD1A2B-93CC-41AC-8575-FF8AD2E8A7E6}.Debug|Any CPU.ActiveCfg = Debug|Any CPU
		{64AD1A2B-93CC-41AC-8575-FF8AD2E8A7E6}.Debug|Any CPU.Build.0 = Debug|Any CPU
		{64AD1A2B-93CC-41AC-8575-FF8AD2E8A7E6}.Release|Any CPU.ActiveCfg = Release|Any CPU
		{64AD1A2B-93CC-41AC-8575-FF8AD2E8A7E6}.Release|Any CPU.Build.0 = Release|Any CPU
		{7A5744D4-E648-4B49-B1DC-AF70AD80FBB0}.Debug|Any CPU.ActiveCfg = Debug|Any CPU
		{7A5744D4-E648-4B49-B1DC-AF70AD80FBB0}.Debug|Any CPU.Build.0 = Debug|Any CPU
		{7A5744D4-E648-4B49-B1DC-AF70AD80FBB0}.Release|Any CPU.ActiveCfg = Release|Any CPU
		{7A5744D4-E648-4B49-B1DC-AF70AD80FBB0}.Release|Any CPU.Build.0 = Release|Any CPU
	EndGlobalSection
	GlobalSection(SolutionProperties) = preSolution
		HideSolutionNode = FALSE
	EndGlobalSection
	GlobalSection(ExtensibilityGlobals) = postSolution
		SolutionGuid = {045D6E71-1B88-453A-ACC1-DFFD98298428}
	EndGlobalSection
EndGlobal
